
Microsoft Visual Studio Solution File, Format Version 12.00
# Visual Studio Version 17
VisualStudioVersion = 17.3.32714.290
MinimumVisualStudioVersion = 10.0.40219.1
Project("{8BC9CEB8-8B4A-11D0-8D11-00A0C91BC942}") = "D3D12SimpleClassify", "SimpleClassify/D3D12SimpleClassify.vcxproj", "{220047BA-F65A-46D5-97C1-B655329AD020}"
EndProject
Global
	GlobalSection(SolutionConfigurationPlatforms) = preSolution
		Debug|x64 = Debug|x64
		Debug|x86 = Debug|x86
		Release|x64 = Release|x64
		Release|x86 = Release|x86
	EndGlobalSection
	GlobalSection(ProjectConfigurationPlatforms) = postSolution
		{220047BA-F65A-46D5-97C1-B655329AD020}.Debug|x64.ActiveCfg = Debug|x64
		{220047BA-F65A-46D5-97C1-B655329AD020}.Debug|x64.Build.0 = Debug|x64
		{220047BA-F65A-46D5-97C1-B655329AD020}.Debug|x86.ActiveCfg = Debug|Win32
		{220047BA-F65A-46D5-97C1-B655329AD020}.Debug|x86.Build.0 = Debug|Win32
		{220047BA-F65A-46D5-97C1-B655329AD020}.Release|x64.ActiveCfg = Release|x64
		{220047BA-F65A-46D5-97C1-B655329AD020}.Release|x64.Build.0 = Release|x64
		{220047BA-F65A-46D5-97C1-B655329AD020}.Release|x86.ActiveCfg = Release|Win32
		{220047BA-F65A-46D5-97C1-B655329AD020}.Release|x86.Build.0 = Release|Win32
	EndGlobalSection
	GlobalSection(SolutionProperties) = preSolution
		HideSolutionNode = FALSE
	EndGlobalSection
	GlobalSection(ExtensibilityGlobals) = postSolution
		SolutionGuid = {03A229DE-7C88-494E-B342-8310BC9F7C64}
	EndGlobalSection
EndGlobal
